PODS:
  - Alamofire (5.2.2)
  - BottomPopup (0.7.0)
  - DeviceKit (4.2.1)
  - Differentiator (4.0.1)
  - HorizontalProgressBar (1.0.5)
  - Kingfisher (5.14.1):
    - Kingfisher/Core (= 5.14.1)
  - Kingfisher/Core (5.14.1)
  - PocketSVG (2.7.0)
  - R.swift (5.2.2):
    - R.swift.Library (~> 5.2.0)
  - R.swift.Library (5.2.0)
  - RxAlamofire (5.6.0):
    - RxAlamofire/Core (= 5.6.0)
  - RxAlamofire/Core (5.6.0):
    - Alamofire (~> 5.1)
    - RxSwift (~> 5.1)
  - RxBlocking (5.1.1):
    - RxSwift (~> 5)
  - RxCocoa (5.1.1):
    - RxRelay (~> 5)
    - RxSwift (~> 5)
  - RxDataSources (4.0.1):
    - Differentiator (~> 4.0)
    - RxCocoa (~> 5.0)
    - RxSwift (~> 5.0)
  - RxRelay (5.1.1):
    - RxSwift (~> 5)
  - RxSwift (5.1.1)
  - RxSwiftExt (5.2.0):
    - RxSwiftExt/Core (= 5.2.0)
    - RxSwiftExt/RxCocoa (= 5.2.0)
  - RxSwiftExt/Core (5.2.0):
    - RxSwift (~> 5.0)
  - RxSwiftExt/RxCocoa (5.2.0):
    - RxCocoa (~> 5.0)
    - RxSwiftExt/Core
  - RxTest (5.1.2):
    - RxSwift (~> 5)
  - Swinject (2.7.1)
  - SwinjectStoryboard (2.2.0):
    - Swinject (~> 2.7.1)
  - Toast-Swift (5.0.1)

DEPENDENCIES:
  - BottomPopup
  - DeviceKit (~> 4.0)
  - HorizontalProgressBar
  - Kingfisher
  - PocketSVG (~> 2.0)
  - R.swift
  - RxAlamofire (~> 5)
  - RxBlocking (~> 5)
  - RxCocoa (~> 5)
  - RxDataSources (~> 4.0)
  - RxSwift (~> 5)
  - RxSwiftExt (~> 5)
  - RxTest (~> 5)
  - Swinject
  - SwinjectStoryboard (from `https://github.com/Swinject/SwinjectStoryboard.git`, branch `master`)
  - Toast-Swift (~> 5.0.1)

SPEC REPOS:
  trunk:
    - Alamofire
    - BottomPopup
    - DeviceKit
    - Differentiator
    - HorizontalProgressBar
    - Kingfisher
    - PocketSVG
    - R.swift
    - R.swift.Library
    - RxAlamofire
    - RxBlocking
    - RxCocoa
    - RxDataSources
    - RxRelay
    - RxSwift
    - RxSwiftExt
    - RxTest
    - Swinject
    - Toast-Swift

EXTERNAL SOURCES:
  SwinjectStoryboard:
    :branch: master
    :git: https://github.com/Swinject/SwinjectStoryboard.git

CHECKOUT OPTIONS:
  SwinjectStoryboard:
    :commit: 0ca45c83a8aa398c153d8a036c95abb4343cfa0c
    :git: https://github.com/Swinject/SwinjectStoryboard.git

SPEC CHECKSUMS:
  Alamofire: 814429acc853c6c54ff123fc3d2ef66803823ce0
  BottomPopup: fe3e284628532f99093ae68c592c6b9d392c972d
  DeviceKit: cadb5ff25d45fe186778bf2d0fd2ea4750542189
  Differentiator: 886080237d9f87f322641dedbc5be257061b0602
  HorizontalProgressBar: f0e3d36051656651d1430d2cf5e0146fc4895f15
  Kingfisher: 8050bc6f7f68cbf3908bd04df7ccbac188f6d6d6
  PocketSVG: 5e0ff20c8a661586b2f2c295cd18b3e8f06de552
  R.swift: 7c52cdc57a66840ffe6cbd8a823d732059d42a32
  R.swift.Library: 5ba4f1631300caf9a4d890186930da85d540769d
  RxAlamofire: f34ddbab56fa2a36f99737f4d4ecc22288a1384f
  RxBlocking: 5f700a78cad61ce253ebd37c9a39b5ccc76477b4
  RxCocoa: 32065309a38d29b5b0db858819b5bf9ef038b601
  RxDataSources: efee07fa4de48477eca0a4611e6d11e2da9c1114
  RxRelay: d77f7d771495f43c556cbc43eebd1bb54d01e8e9
  RxSwift: 81470a2074fa8780320ea5fe4102807cb7118178
  RxSwiftExt: 4ca80336f43c28f11a2825cdd2fc61dd6c044697
  RxTest: 274549b747dca56f47c52c8991ec5cf797ecfe40
  Swinject: ddf78b8486dd9b71a667b852cad919ab4484478e
  SwinjectStoryboard: f0d5b1c16459949d6ff1cbb6610107946b18e1f8
  Toast-Swift: 9b6a70f28b3bf0b96c40d46c0c4b9d6639846711

PODFILE CHECKSUM: a06e0bc4adec0a454ef74510b5756c1216df3333

COCOAPODS: 1.10.2
